
Microsoft Visual Studio Solution File, Format Version 12.00
# Visual Studio Version 16
VisualStudioVersion = 16.0.29505.145
MinimumVisualStudioVersion = 10.0.40219.1
Project("{FAE04EC0-301F-11D3-BF4B-00C04F79EFBC}") = "StKIoc", "StKIoc\StKIoc.csproj", "{35F69290-C545-430C-A968-85DEF22193AE}"
EndProject
Project("{FAE04EC0-301F-11D3-BF4B-00C04F79EFBC}") = "StKIoc.Test", "StKIoc.Test\StKIoc.Test.csproj", "{17C551D6-7E01-4DC6-8341-FE45F809F085}"
EndProject
Project("{FAE04EC0-301F-11D3-BF4B-00C04F79EFBC}") = "StKIoc.WebApiTest", "StKIoc.WebApiTest\StKIoc.WebApiTest.csproj", "{486B8099-7C84-4A65-A0CD-E48963FCF092}"
EndProject
Global
	GlobalSection(SolutionConfigurationPlatforms) = preSolution
		Debug|Any CPU = Debug|Any CPU
		Release|Any CPU = Release|Any CPU
	EndGlobalSection
	GlobalSection(ProjectConfigurationPlatforms) = postSolution
		{35F69290-C545-430C-A968-85DEF22193AE}.Debug|Any CPU.ActiveCfg = Debug|Any CPU
		{35F69290-C545-430C-A968-85DEF22193AE}.Debug|Any CPU.Build.0 = Debug|Any CPU
		{35F69290-C545-430C-A968-85DEF22193AE}.Release|Any CPU.ActiveCfg = Release|Any CPU
		{35F69290-C545-430C-A968-85DEF22193AE}.Release|Any CPU.Build.0 = Release|Any CPU
		{17C551D6-7E01-4DC6-8341-FE45F809F085}.Debug|Any CPU.ActiveCfg = Debug|Any CPU
		{17C551D6-7E01-4DC6-8341-FE45F809F085}.Debug|Any CPU.Build.0 = Debug|Any CPU
		{17C551D6-7E01-4DC6-8341-FE45F809F085}.Release|Any CPU.ActiveCfg = Release|Any CPU
		{17C551D6-7E01-4DC6-8341-FE45F809F085}.Release|Any CPU.Build.0 = Release|Any CPU
		{486B8099-7C84-4A65-A0CD-E48963FCF092}.Debug|Any CPU.ActiveCfg = Debug|Any CPU
		{486B8099-7C84-4A65-A0CD-E48963FCF092}.Debug|Any CPU.Build.0 = Debug|Any CPU
		{486B8099-7C84-4A65-A0CD-E48963FCF092}.Release|Any CPU.ActiveCfg = Release|Any CPU
		{486B8099-7C84-4A65-A0CD-E48963FCF092}.Release|Any CPU.Build.0 = Release|Any CPU
	EndGlobalSection
	GlobalSection(SolutionProperties) = preSolution
		HideSolutionNode = FALSE
	EndGlobalSection
	GlobalSection(ExtensibilityGlobals) = postSolution
		SolutionGuid = {AE30C714-0816-46DC-B0B3-909C2EBCFAC1}
	EndGlobalSection
EndGlobal
